// !$*UTF8*$!
{
	archiveVersion = 1;
	classes = {
	};
	objectVersion = 77;
	objects = {

/* Begin PBXBuildFile section */
		143D01456282D2C9CC8261F8 /* MLXNN in Frameworks */ = {isa = PBXBuildFile; productRef = 8A569477FDE9E6427210C021 /* MLXNN */; };
		21DCDAD9BE07D782912A77AD /* MLX in Frameworks */ = {isa = PBXBuildFile; productRef = F9A93A2E8948A4831C8E4835 /* MLX */; };
		5C2187920444BE7967808AED /* MLXNN in Frameworks */ = {isa = PBXBuildFile; productRef = 8A569477FDE9E6427210C021 /* MLXNN */; };
		72C10A3C810BBB650192A3DC /* MLXFFT in Frameworks */ = {isa = PBXBuildFile; productRef = 2CE06D116E3316BF792222D8 /* MLXFFT */; };
		89C3A37FB37B4F8A8E0CE8B4 /* AppIntents.framework in Frameworks */ = {isa = PBXBuildFile; fileRef = F05B3C5650AC493F9C8D24E4 /* AppIntents.framework */; };
		98D8F68E63ED4B66AB2B8651 /* AppIntents.framework in Frameworks */ = {isa = PBXBuildFile; fileRef = F05B3C5650AC493F9C8D24E4 /* AppIntents.framework */; };
		CC1234572EA241B30007DBB1 /* libghostty.a in Frameworks */ = {isa = PBXBuildFile; fileRef = CC1234562EA241B30007DBB1 /* libghostty.a */; };
		CC128B1B2EAF8DD600EA9A50 /* Sparkle in Frameworks */ = {isa = PBXBuildFile; productRef = CC128B1A2EAF8DD600EA9A50 /* Sparkle */; };
		CC2917C82EFBDAE300440062 /* CodeEditSourceEditor in Frameworks */ = {isa = PBXBuildFile; productRef = CC2917C32EFBDAE300440062 /* CodeEditSourceEditor */; };
		CC2917C92EFBDAE300440062 /* CodeEditTextView in Frameworks */ = {isa = PBXBuildFile; productRef = CC2917C12EFBDAE300440062 /* CodeEditTextView */; };
		CC2917CA2EFBDAE300440062 /* CodeEditSymbols in Frameworks */ = {isa = PBXBuildFile; productRef = CC2917C02EFBDAE300440062 /* CodeEditSymbols */; };
		CC2917CB2EFBDAE300440062 /* CodeEditTextView in Frameworks */ = {isa = PBXBuildFile; productRef = CC2917BE2EFBDAE300440062 /* CodeEditTextView */; };
		CC2917CC2EFBDAE300440062 /* CodeEditSourceEditor in Frameworks */ = {isa = PBXBuildFile; productRef = CC2917BD2EFBDAE300440062 /* CodeEditSourceEditor */; };
		CC2917CD2EFBDAE300440062 /* CodeEditSourceEditor in Frameworks */ = {isa = PBXBuildFile; productRef = CC2917BC2EFBDAE300440062 /* CodeEditSourceEditor */; };
		CC2917CE2EFBDAE300440062 /* CodeEditTextView in Frameworks */ = {isa = PBXBuildFile; productRef = CC2917BB2EFBDAE300440062 /* CodeEditTextView */; };
		CC2917CF2EFBDAE300440062 /* CodeEditSymbols in Frameworks */ = {isa = PBXBuildFile; productRef = CC2917BF2EFBDAE300440062 /* CodeEditSymbols */; };
		CC2917D02EFBDAE300440062 /* SwiftTreeSitter in Frameworks */ = {isa = PBXBuildFile; productRef = CC2917B92EFBDAE300440062 /* SwiftTreeSitter */; };
		CC2917D12EFBDAE300440062 /* CodeEditLanguages in Frameworks */ = {isa = PBXBuildFile; productRef = CC2917C42EFBDAE300440062 /* CodeEditLanguages */; };
		CC2917D22EFBDAE300440062 /* CodeEditSourceEditor in Frameworks */ = {isa = PBXBuildFile; productRef = CC2917C22EFBDAE300440062 /* CodeEditSourceEditor */; };
		CC2917D32EFBDAE300440062 /* libghostty.a in Frameworks */ = {isa = PBXBuildFile; fileRef = CC1234562EA241B30007DBB1 /* libghostty.a */; };
		CC2917D42EFBDAE300440062 /* Markdown in Frameworks */ = {isa = PBXBuildFile; productRef = CC2917B52EFBDAE300440062 /* Markdown */; };
		CC2917D52EFBDAE300440062 /* Sparkle in Frameworks */ = {isa = PBXBuildFile; productRef = CC2917B72EFBDAE300440062 /* Sparkle */; };
		CC6CA52C2EA25D9D001CADD7 /* Markdown in Frameworks */ = {isa = PBXBuildFile; productRef = CCB04B732EA241B60007DBB1 /* Markdown */; };
		CC8001752EC989600037DA4C /* SwiftTreeSitter in Frameworks */ = {isa = PBXBuildFile; productRef = CCFE00062EBF000000000006 /* SwiftTreeSitter */; };
		CCA569F12ECB04E100955D13 /* CodeEditTextView in Frameworks */ = {isa = PBXBuildFile; productRef = CCA569F02ECB04E100955D13 /* CodeEditTextView */; };
		CCA56A052ECB132E00955D13 /* CodeEditSymbols in Frameworks */ = {isa = PBXBuildFile; productRef = CCA56A042ECB132E00955D13 /* CodeEditSymbols */; };
		CCA56A0B2ECB1EAF00955D13 /* CodeEditSourceEditor in Frameworks */ = {isa = PBXBuildFile; productRef = CCA56A0A2ECB1EAF00955D13 /* CodeEditSourceEditor */; };
		CCA56A102ECB203200955D13 /* CodeEditLanguages in Frameworks */ = {isa = PBXBuildFile; productRef = CCA56A0F2ECB203200955D13 /* CodeEditLanguages */; };
		CCB235112EEA7CA300041489 /* CodeEditSourceEditor in Frameworks */ = {isa = PBXBuildFile; productRef = CCA569F32ECB04F500955D13 /* CodeEditSourceEditor */; };
		CCB235122EEA7CA300041489 /* CodeEditSourceEditor in Frameworks */ = {isa = PBXBuildFile; productRef = CCA569FE2ECB12A600955D13 /* CodeEditSourceEditor */; };
		CCB235132EEA7CA300041489 /* CodeEditTextView in Frameworks */ = {isa = PBXBuildFile; productRef = CCA56A012ECB131C00955D13 /* CodeEditTextView */; };
		CCB235142EEA7CA300041489 /* CodeEditSymbols in Frameworks */ = {isa = PBXBuildFile; productRef = CCA56A062ECB1E8D00955D13 /* CodeEditSymbols */; };
		CCB235152EEA7CA300041489 /* CodeEditTextView in Frameworks */ = {isa = PBXBuildFile; productRef = CCA56A082ECB1E9D00955D13 /* CodeEditTextView */; };
		CCB235162EEA7CA300041489 /* CodeEditSourceEditor in Frameworks */ = {isa = PBXBuildFile; productRef = CCA56A0C2ECB1F2800955D13 /* CodeEditSourceEditor */; };
		CCF00000000000000000000C /* aizen-cli in Copy CLI */ = {isa = PBXBuildFile; fileRef = CCF000000000000000000001 /* aizen-cli */; };
		CCF00000000000000000000D /* aizen-cli in Copy CLI */ = {isa = PBXBuildFile; fileRef = CCF000000000000000000001 /* aizen-cli */; };
		D40AC0EE6127B8397D78C242 /* MLXFFT in Frameworks */ = {isa = PBXBuildFile; productRef = 2CE06D116E3316BF792222D8 /* MLXFFT */; };
		F023734E9DB882ACB5152A8C /* MLX in Frameworks */ = {isa = PBXBuildFile; productRef = F9A93A2E8948A4831C8E4835 /* MLX */; };
/* End PBXBuildFile section */

/* Begin PBXContainerItemProxy section */
		CCB04B552EA241B50007DBB1 /* PBXContainerItemProxy */ = {
			isa = PBXContainerItemProxy;
			containerPortal = CCB04B3A2EA241B30007DBB1 /* Project object */;
			proxyType = 1;
			remoteGlobalIDString = CCB04B412EA241B30007DBB1;
			remoteInfo = aizen;
		};
		CCB04B5F2EA241B50007DBB1 /* PBXContainerItemProxy */ = {
			isa = PBXContainerItemProxy;
			containerPortal = CCB04B3A2EA241B30007DBB1 /* Project object */;
			proxyType = 1;
			remoteGlobalIDString = CCB04B412EA241B30007DBB1;
			remoteInfo = aizen;
		};
		CCF00000000000000000000F /* PBXContainerItemProxy */ = {
			isa = PBXContainerItemProxy;
			containerPortal = CCB04B3A2EA241B30007DBB1 /* Project object */;
			proxyType = 1;
			remoteGlobalIDString = CCF000000000000000000002;
			remoteInfo = "aizen-cli";
		};
		CCF000000000000000000010 /* PBXContainerItemProxy */ = {
			isa = PBXContainerItemProxy;
			containerPortal = CCB04B3A2EA241B30007DBB1 /* Project object */;
			proxyType = 1;
			remoteGlobalIDString = CCF000000000000000000002;
			remoteInfo = "aizen-cli";
		};
/* End PBXContainerItemProxy section */

/* Begin PBXCopyFilesBuildPhase section */
		CCF00000000000000000000A /* Copy CLI */ = {
			isa = PBXCopyFilesBuildPhase;
			buildActionMask = 2147483647;
			dstPath = cli;
			dstSubfolderSpec = 7;
			files = (
				CCF00000000000000000000C /* aizen-cli in Copy CLI */,
			);
			name = "Copy CLI";
			runOnlyForDeploymentPostprocessing = 0;
		};
		CCF00000000000000000000B /* Copy CLI */ = {
			isa = PBXCopyFilesBuildPhase;
			buildActionMask = 2147483647;
			dstPath = cli;
			dstSubfolderSpec = 7;
			files = (
				CCF00000000000000000000D /* aizen-cli in Copy CLI */,
			);
			name = "Copy CLI";
			runOnlyForDeploymentPostprocessing = 0;
		};
/* End PBXCopyFilesBuildPhase section */

/* Begin PBXFileReference section */
		CC1234562EA241B30007DBB1 /* libghostty.a */ = {isa = PBXFileReference; lastKnownFileType = archive.ar; name = libghostty.a; path = Vendor/libghostty/lib/libghostty.a; sourceTree = "<group>"; };
		CC2917DB2EFBDAE300440062 /* aizen nightly.app */ = {isa = PBXFileReference; explicitFileType = wrapper.application; includeInIndex = 0; path = "aizen nightly.app"; sourceTree = BUILT_PRODUCTS_DIR; };
		CC2917DD2EFBDAE400440062 /* aizen nightly-Info.plist */ = {isa = PBXFileReference; lastKnownFileType = text.plist.xml; name = "aizen nightly-Info.plist"; path = "/Users/uyakauleu/development/aizen/aizen nightly-Info.plist"; sourceTree = "<absolute>"; };
		CCB04B422EA241B30007DBB1 /* aizen.app */ = {isa = PBXFileReference; explicitFileType = wrapper.application; includeInIndex = 0; path = aizen.app; sourceTree = BUILT_PRODUCTS_DIR; };
		CCB04B542EA241B50007DBB1 /* aizenTests.xctest */ = {isa = PBXFileReference; explicitFileType = wrapper.cfbundle; includeInIndex = 0; path = aizenTests.xctest; sourceTree = BUILT_PRODUCTS_DIR; };
		CCB04B5E2EA241B50007DBB1 /* aizenUITests.xctest */ = {isa = PBXFileReference; explicitFileType = wrapper.cfbundle; includeInIndex = 0; path = aizenUITests.xctest; sourceTree = BUILT_PRODUCTS_DIR; };
		CCF000000000000000000001 /* aizen-cli */ = {isa = PBXFileReference; explicitFileType = "compiled.mach-o.executable"; includeInIndex = 0; path = "aizen-cli"; sourceTree = BUILT_PRODUCTS_DIR; };
		F05B3C5650AC493F9C8D24E4 /* AppIntents.framework */ = {isa = PBXFileReference; lastKnownFileType = wrapper.framework; name = AppIntents.framework; path = System/Library/Frameworks/AppIntents.framework; sourceTree = SDKROOT; };
/* End PBXFileReference section */

/* Begin PBXFileSystemSynchronizedBuildFileExceptionSet section */
		CC2917DC2EFBDAE400440062 /* Exceptions for "aizen" folder in "aizen nightly" target */ = {
			isa = PBXFileSystemSynchronizedBuildFileExceptionSet;
			membershipExceptions = (
				Info.plist,
			);
			target = CC2917B42EFBDAE300440062 /* aizen nightly */;
		};
		CCEEAE8C2EBA3CD400627BC3 /* Exceptions for "aizen" folder in "aizen" target */ = {
			isa = PBXFileSystemSynchronizedBuildFileExceptionSet;
			membershipExceptions = (
				Info.plist,
			);
			target = CCB04B412EA241B30007DBB1 /* aizen */;
		};
/* End PBXFileSystemSynchronizedBuildFileExceptionSet section */

/* Begin PBXFileSystemSynchronizedRootGroup section */
		CCB04B442EA241B30007DBB1 /* aizen */ = {
			isa = PBXFileSystemSynchronizedRootGroup;
			exceptions = (
				CCEEAE8C2EBA3CD400627BC3 /* Exceptions for "aizen" folder in "aizen" target */,
				CC2917DC2EFBDAE400440062 /* Exceptions for "aizen" folder in "aizen nightly" target */,
			);
			path = aizen;
			sourceTree = "<group>";
		};
		CCB04B572EA241B50007DBB1 /* aizenTests */ = {
			isa = PBXFileSystemSynchronizedRootGroup;
			path = aizenTests;
			sourceTree = "<group>";
		};
		CCB04B612EA241B50007DBB1 /* aizenUITests */ = {
			isa = PBXFileSystemSynchronizedRootGroup;
			path = aizenUITests;
			sourceTree = "<group>";
		};
		CCF000000000000000000006 /* cli */ = {
			isa = PBXFileSystemSynchronizedRootGroup;
			path = cli;
			sourceTree = "<group>";
		};
/* End PBXFileSystemSynchronizedRootGroup section */

/* Begin PBXFrameworksBuildPhase section */
		CC2917C72EFBDAE300440062 /* Frameworks */ = {
			isa = PBXFrameworksBuildPhase;
			buildActionMask = 2147483647;
			files = (
				89C3A37FB37B4F8A8E0CE8B4 /* AppIntents.framework in Frameworks */,
				CC2917C82EFBDAE300440062 /* CodeEditSourceEditor in Frameworks */,
				CC2917C92EFBDAE300440062 /* CodeEditTextView in Frameworks */,
				CC2917CA2EFBDAE300440062 /* CodeEditSymbols in Frameworks */,
				CC2917CB2EFBDAE300440062 /* CodeEditTextView in Frameworks */,
				CC2917CC2EFBDAE300440062 /* CodeEditSourceEditor in Frameworks */,
				CC2917CD2EFBDAE300440062 /* CodeEditSourceEditor in Frameworks */,
				CC2917CE2EFBDAE300440062 /* CodeEditTextView in Frameworks */,
				CC2917CF2EFBDAE300440062 /* CodeEditSymbols in Frameworks */,
				CC2917D02EFBDAE300440062 /* SwiftTreeSitter in Frameworks */,
				CC2917D12EFBDAE300440062 /* CodeEditLanguages in Frameworks */,
				CC2917D22EFBDAE300440062 /* CodeEditSourceEditor in Frameworks */,
				CC2917D32EFBDAE300440062 /* libghostty.a in Frameworks */,
				CC2917D42EFBDAE300440062 /* Markdown in Frameworks */,
				CC2917D52EFBDAE300440062 /* Sparkle in Frameworks */,
				21DCDAD9BE07D782912A77AD /* MLX in Frameworks */,
				5C2187920444BE7967808AED /* MLXNN in Frameworks */,
				72C10A3C810BBB650192A3DC /* MLXFFT in Frameworks */,
			);
			runOnlyForDeploymentPostprocessing = 0;
		};
		CCB04B3F2EA241B30007DBB1 /* Frameworks */ = {
			isa = PBXFrameworksBuildPhase;
			buildActionMask = 2147483647;
			files = (
				98D8F68E63ED4B66AB2B8651 /* AppIntents.framework in Frameworks */,
				CCB235162EEA7CA300041489 /* CodeEditSourceEditor in Frameworks */,
				CCB235152EEA7CA300041489 /* CodeEditTextView in Frameworks */,
				CCB235142EEA7CA300041489 /* CodeEditSymbols in Frameworks */,
				CCB235132EEA7CA300041489 /* CodeEditTextView in Frameworks */,
				CCB235122EEA7CA300041489 /* CodeEditSourceEditor in Frameworks */,
				CCB235112EEA7CA300041489 /* CodeEditSourceEditor in Frameworks */,
				CCA569F12ECB04E100955D13 /* CodeEditTextView in Frameworks */,
				CCA56A052ECB132E00955D13 /* CodeEditSymbols in Frameworks */,
				CC8001752EC989600037DA4C /* SwiftTreeSitter in Frameworks */,
				CCA56A102ECB203200955D13 /* CodeEditLanguages in Frameworks */,
				CCA56A0B2ECB1EAF00955D13 /* CodeEditSourceEditor in Frameworks */,
				CC1234572EA241B30007DBB1 /* libghostty.a in Frameworks */,
				CC6CA52C2EA25D9D001CADD7 /* Markdown in Frameworks */,
				CC128B1B2EAF8DD600EA9A50 /* Sparkle in Frameworks */,
				F023734E9DB882ACB5152A8C /* MLX in Frameworks */,
				143D01456282D2C9CC8261F8 /* MLXNN in Frameworks */,
				D40AC0EE6127B8397D78C242 /* MLXFFT in Frameworks */,
			);
			runOnlyForDeploymentPostprocessing = 0;
		};
		CCB04B512EA241B50007DBB1 /* Frameworks */ = {
			isa = PBXFrameworksBuildPhase;
			buildActionMask = 2147483647;
			files = (
			);
			runOnlyForDeploymentPostprocessing = 0;
		};
		CCB04B5B2EA241B50007DBB1 /* Frameworks */ = {
			isa = PBXFrameworksBuildPhase;
			buildActionMask = 2147483647;
			files = (
			);
			runOnlyForDeploymentPostprocessing = 0;
		};
		CCF000000000000000000004 /* Frameworks */ = {
			isa = PBXFrameworksBuildPhase;
			buildActionMask = 2147483647;
			files = (
			);
			runOnlyForDeploymentPostprocessing = 0;
		};
/* End PBXFrameworksBuildPhase section */

/* Begin PBXGroup section */
		CC1234582EA241B30007DBB1 /* Frameworks */ = {
			isa = PBXGroup;
			children = (
				F05B3C5650AC493F9C8D24E4 /* AppIntents.framework */,
				CC1234562EA241B30007DBB1 /* libghostty.a */,
			);
			name = Frameworks;
			sourceTree = "<group>";
		};
		CCB04B392EA241B30007DBB1 = {
			isa = PBXGroup;
			children = (
				CCB04B442EA241B30007DBB1 /* aizen */,
				CCF000000000000000000006 /* cli */,
				CCB04B572EA241B50007DBB1 /* aizenTests */,
				CCB04B612EA241B50007DBB1 /* aizenUITests */,
				CCB04B432EA241B30007DBB1 /* Products */,
				CC1234582EA241B30007DBB1 /* Frameworks */,
				CC2917DD2EFBDAE400440062 /* aizen nightly-Info.plist */,
			);
			sourceTree = "<group>";
		};
		CCB04B432EA241B30007DBB1 /* Products */ = {
			isa = PBXGroup;
			children = (
				CCB04B422EA241B30007DBB1 /* aizen.app */,
				CCB04B542EA241B50007DBB1 /* aizenTests.xctest */,
				CCB04B5E2EA241B50007DBB1 /* aizenUITests.xctest */,
				CC2917DB2EFBDAE300440062 /* aizen nightly.app */,
				CCF000000000000000000001 /* aizen-cli */,
			);
			name = Products;
			sourceTree = "<group>";
		};
/* End PBXGroup section */

/* Begin PBXNativeTarget section */
		CC2917B42EFBDAE300440062 /* aizen nightly */ = {
			isa = PBXNativeTarget;
			buildConfigurationList = CC2917D82EFBDAE300440062 /* Build configuration list for PBXNativeTarget "aizen nightly" */;
			buildPhases = (
				CC2917C62EFBDAE300440062 /* Sources */,
				CC2917C72EFBDAE300440062 /* Frameworks */,
				CC2917D62EFBDAE300440062 /* Resources */,
				CCF00000000000000000000B /* Copy CLI */,
				CC2917D72EFBDAE300440062 /* Organize Ghostty Resources */,
			);
			buildRules = (
			);
			dependencies = (
				CCF000000000000000000011 /* PBXTargetDependency */,
			);
			fileSystemSynchronizedGroups = (
				CCB04B442EA241B30007DBB1 /* aizen */,
			);
			name = "aizen nightly";
			packageProductDependencies = (
				CC2917B52EFBDAE300440062 /* Markdown */,
				CC2917B72EFBDAE300440062 /* Sparkle */,
				CC2917B92EFBDAE300440062 /* SwiftTreeSitter */,
				CC2917BB2EFBDAE300440062 /* CodeEditTextView */,
				CC2917BC2EFBDAE300440062 /* CodeEditSourceEditor */,
				CC2917BD2EFBDAE300440062 /* CodeEditSourceEditor */,
				CC2917BE2EFBDAE300440062 /* CodeEditTextView */,
				CC2917BF2EFBDAE300440062 /* CodeEditSymbols */,
				CC2917C02EFBDAE300440062 /* CodeEditSymbols */,
				CC2917C12EFBDAE300440062 /* CodeEditTextView */,
				CC2917C22EFBDAE300440062 /* CodeEditSourceEditor */,
				CC2917C32EFBDAE300440062 /* CodeEditSourceEditor */,
				CC2917C42EFBDAE300440062 /* CodeEditLanguages */,
				F9A93A2E8948A4831C8E4835 /* MLX */,
				8A569477FDE9E6427210C021 /* MLXNN */,
				2CE06D116E3316BF792222D8 /* MLXFFT */,
			);
			productName = aizen;
			productReference = CC2917DB2EFBDAE300440062 /* aizen nightly.app */;
			productType = "com.apple.product-type.application";
		};
		CCB04B412EA241B30007DBB1 /* aizen */ = {
			isa = PBXNativeTarget;
			buildConfigurationList = CCB04B682EA241B50007DBB1 /* Build configuration list for PBXNativeTarget "aizen" */;
			buildPhases = (
				CCB04B3E2EA241B30007DBB1 /* Sources */,
				CCB04B3F2EA241B30007DBB1 /* Frameworks */,
				CCB04B402EA241B30007DBB1 /* Resources */,
				CCF00000000000000000000A /* Copy CLI */,
				CC1234582EA241B30007DBC1 /* Organize Ghostty Resources */,
			);
			buildRules = (
			);
			dependencies = (
				CCF00000000000000000000E /* PBXTargetDependency */,
			);
			fileSystemSynchronizedGroups = (
				CCB04B442EA241B30007DBB1 /* aizen */,
			);
			name = aizen;
			packageProductDependencies = (
				CCB04B732EA241B60007DBB1 /* Markdown */,
				CC128B1A2EAF8DD600EA9A50 /* Sparkle */,
				CCFE00062EBF000000000006 /* SwiftTreeSitter */,
				CCA569F02ECB04E100955D13 /* CodeEditTextView */,
				CCA569F32ECB04F500955D13 /* CodeEditSourceEditor */,
				CCA569FE2ECB12A600955D13 /* CodeEditSourceEditor */,
				CCA56A012ECB131C00955D13 /* CodeEditTextView */,
				CCA56A042ECB132E00955D13 /* CodeEditSymbols */,
				CCA56A062ECB1E8D00955D13 /* CodeEditSymbols */,
				CCA56A082ECB1E9D00955D13 /* CodeEditTextView */,
				CCA56A0A2ECB1EAF00955D13 /* CodeEditSourceEditor */,
				CCA56A0C2ECB1F2800955D13 /* CodeEditSourceEditor */,
				CCA56A0F2ECB203200955D13 /* CodeEditLanguages */,
				F9A93A2E8948A4831C8E4835 /* MLX */,
				8A569477FDE9E6427210C021 /* MLXNN */,
				2CE06D116E3316BF792222D8 /* MLXFFT */,
			);
			productName = aizen;
			productReference = CCB04B422EA241B30007DBB1 /* aizen.app */;
			productType = "com.apple.product-type.application";
		};
		CCB04B532EA241B50007DBB1 /* aizenTests */ = {
			isa = PBXNativeTarget;
			buildConfigurationList = CCB04B6B2EA241B50007DBB1 /* Build configuration list for PBXNativeTarget "aizenTests" */;
			buildPhases = (
				CCB04B502EA241B50007DBB1 /* Sources */,
				CCB04B512EA241B50007DBB1 /* Frameworks */,
				CCB04B522EA241B50007DBB1 /* Resources */,
			);
			buildRules = (
			);
			dependencies = (
				CCB04B562EA241B50007DBB1 /* PBXTargetDependency */,
			);
			fileSystemSynchronizedGroups = (
				CCB04B572EA241B50007DBB1 /* aizenTests */,
			);
			name = aizenTests;
			packageProductDependencies = (
			);
			productName = aizenTests;
			productReference = CCB04B542EA241B50007DBB1 /* aizenTests.xctest */;
			productType = "com.apple.product-type.bundle.unit-test";
		};
		CCB04B5D2EA241B50007DBB1 /* aizenUITests */ = {
			isa = PBXNativeTarget;
			buildConfigurationList = CCB04B6E2EA241B50007DBB1 /* Build configuration list for PBXNativeTarget "aizenUITests" */;
			buildPhases = (
				CCB04B5A2EA241B50007DBB1 /* Sources */,
				CCB04B5B2EA241B50007DBB1 /* Frameworks */,
				CCB04B5C2EA241B50007DBB1 /* Resources */,
			);
			buildRules = (
			);
			dependencies = (
				CCB04B602EA241B50007DBB1 /* PBXTargetDependency */,
			);
			fileSystemSynchronizedGroups = (
				CCB04B612EA241B50007DBB1 /* aizenUITests */,
			);
			name = aizenUITests;
			packageProductDependencies = (
			);
			productName = aizenUITests;
			productReference = CCB04B5E2EA241B50007DBB1 /* aizenUITests.xctest */;
			productType = "com.apple.product-type.bundle.ui-testing";
		};
		CCF000000000000000000002 /* aizen-cli */ = {
			isa = PBXNativeTarget;
			buildConfigurationList = CCF000000000000000000007 /* Build configuration list for PBXNativeTarget "aizen-cli" */;
			buildPhases = (
				CCF000000000000000000003 /* Sources */,
				CCF000000000000000000004 /* Frameworks */,
				CCF000000000000000000005 /* Resources */,
			);
			buildRules = (
			);
			dependencies = (
			);
			fileSystemSynchronizedGroups = (
				CCF000000000000000000006 /* cli */,
			);
			name = "aizen-cli";
			packageProductDependencies = (
			);
			productName = "aizen-cli";
			productReference = CCF000000000000000000001 /* aizen-cli */;
			productType = "com.apple.product-type.tool";
		};
/* End PBXNativeTarget section */

/* Begin PBXProject section */
		CCB04B3A2EA241B30007DBB1 /* Project object */ = {
			isa = PBXProject;
			attributes = {
				BuildIndependentTargetsInParallel = 1;
				LastSwiftUpdateCheck = 2620;
				LastUpgradeCheck = 2620;
				TargetAttributes = {
					CCB04B412EA241B30007DBB1 = {
						CreatedOnToolsVersion = 26.0.1;
					};
					CCB04B532EA241B50007DBB1 = {
						CreatedOnToolsVersion = 26.0.1;
						TestTargetID = CCB04B412EA241B30007DBB1;
					};
					CCB04B5D2EA241B50007DBB1 = {
						CreatedOnToolsVersion = 26.0.1;
						TestTargetID = CCB04B412EA241B30007DBB1;
					};
					CCF000000000000000000002 = {
						CreatedOnToolsVersion = 26.0.1;
					};
				};
			};
			buildConfigurationList = CCB04B3D2EA241B30007DBB1 /* Build configuration list for PBXProject "aizen" */;
			developmentRegion = en;
			hasScannedForEncodings = 0;
			knownRegions = (
				en,
				Base,
				"zh-Hans",
			);
			mainGroup = CCB04B392EA241B30007DBB1;
			minimizedProjectReferenceProxies = 1;
			packageReferences = (
				CCB04B742EA241B60007DBB1 /* XCRemoteSwiftPackageReference "swift-markdown" */,
				CC128B192EAF8DD600EA9A50 /* XCRemoteSwiftPackageReference "Sparkle" */,
				CCFE00032EBF000000000003 /* XCRemoteSwiftPackageReference "SwiftTreeSitter" */,
				79EC426B0DCDB46C628589C2 /* XCRemoteSwiftPackageReference "mlx-swift" */,
				CCA569FD2ECB12A600955D13 /* XCLocalSwiftPackageReference "Packages/CodeEditSourceEditor" */,
				CCA56A002ECB131C00955D13 /* XCLocalSwiftPackageReference "Packages/CodeEditTextView" */,
				CCA56A032ECB132E00955D13 /* XCLocalSwiftPackageReference "Packages/CodeEditSymbols" */,
				CCA56A0E2ECB203200955D13 /* XCRemoteSwiftPackageReference "CodeEditLanguages" */,
			);
			preferredProjectObjectVersion = 77;
			productRefGroup = CCB04B432EA241B30007DBB1 /* Products */;
			projectDirPath = "";
			projectRoot = "";
			targets = (
				CCB04B412EA241B30007DBB1 /* aizen */,
				CC2917B42EFBDAE300440062 /* aizen nightly */,
				CCB04B532EA241B50007DBB1 /* aizenTests */,
				CCB04B5D2EA241B50007DBB1 /* aizenUITests */,
				CCF000000000000000000002 /* aizen-cli */,
			);
		};
/* End PBXProject section */

/* Begin PBXResourcesBuildPhase section */
		CC2917D62EFBDAE300440062 /* Resources */ = {
			isa = PBXResourcesBuildPhase;
			buildActionMask = 2147483647;
			files = (
			);
			runOnlyForDeploymentPostprocessing = 0;
		};
		CCB04B402EA241B30007DBB1 /* Resources */ = {
			isa = PBXResourcesBuildPhase;
			buildActionMask = 2147483647;
			files = (
			);
			runOnlyForDeploymentPostprocessing = 0;
		};
		CCB04B522EA241B50007DBB1 /* Resources */ = {
			isa = PBXResourcesBuildPhase;
			buildActionMask = 2147483647;
			files = (
			);
			runOnlyForDeploymentPostprocessing = 0;
		};
		CCB04B5C2EA241B50007DBB1 /* Resources */ = {
			isa = PBXResourcesBuildPhase;
			buildActionMask = 2147483647;
			files = (
			);
			runOnlyForDeploymentPostprocessing = 0;
		};
		CCF000000000000000000005 /* Resources */ = {
			isa = PBXResourcesBuildPhase;
			buildActionMask = 2147483647;
			files = (
			);
			runOnlyForDeploymentPostprocessing = 0;
		};
/* End PBXResourcesBuildPhase section */

/* Begin PBXShellScriptBuildPhase section */
		CC1234582EA241B30007DBC1 /* Organize Ghostty Resources */ = {
			isa = PBXShellScriptBuildPhase;
			buildActionMask = 2147483647;
			files = (
			);
			inputFileListPaths = (
			);
			inputPaths = (
				"$(SRCROOT)/scripts/organize-resources.sh",
				"$(BUILT_PRODUCTS_DIR)/$(PRODUCT_NAME).app/Contents/Resources",
			);
			name = "Organize Ghostty Resources";
			outputFileListPaths = (
			);
			outputPaths = (
				"$(BUILT_PRODUCTS_DIR)/$(PRODUCT_NAME).app/Contents/Resources/ghostty/themes",
				"$(BUILT_PRODUCTS_DIR)/$(PRODUCT_NAME).app/Contents/Resources/terminfo/67",
			);
			runOnlyForDeploymentPostprocessing = 0;
			shellPath = /bin/sh;
			shellScript = "\"${SRCROOT}/scripts/organize-resources.sh\"\n";
		};
		CC2917D72EFBDAE300440062 /* Organize Ghostty Resources */ = {
			isa = PBXShellScriptBuildPhase;
			buildActionMask = 2147483647;
			files = (
			);
			inputFileListPaths = (
			);
			inputPaths = (
				"$(SRCROOT)/scripts/organize-resources.sh",
				"$(BUILT_PRODUCTS_DIR)/$(PRODUCT_NAME).app/Contents/Resources",
			);
			name = "Organize Ghostty Resources";
			outputFileListPaths = (
			);
			outputPaths = (
				"$(BUILT_PRODUCTS_DIR)/$(PRODUCT_NAME).app/Contents/Resources/ghostty/themes",
				"$(BUILT_PRODUCTS_DIR)/$(PRODUCT_NAME).app/Contents/Resources/terminfo/67",
			);
			runOnlyForDeploymentPostprocessing = 0;
			shellPath = /bin/sh;
			shellScript = "\"${SRCROOT}/scripts/organize-resources.sh\"\n";
		};
/* End PBXShellScriptBuildPhase section */

/* Begin PBXSourcesBuildPhase section */
		CC2917C62EFBDAE300440062 /* Sources */ = {
			isa = PBXSourcesBuildPhase;
			buildActionMask = 2147483647;
			files = (
			);
			runOnlyForDeploymentPostprocessing = 0;
		};
		CCB04B3E2EA241B30007DBB1 /* Sources */ = {
			isa = PBXSourcesBuildPhase;
			buildActionMask = 2147483647;
			files = (
			);
			runOnlyForDeploymentPostprocessing = 0;
		};
		CCB04B502EA241B50007DBB1 /* Sources */ = {
			isa = PBXSourcesBuildPhase;
			buildActionMask = 2147483647;
			files = (
			);
			runOnlyForDeploymentPostprocessing = 0;
		};
		CCB04B5A2EA241B50007DBB1 /* Sources */ = {
			isa = PBXSourcesBuildPhase;
			buildActionMask = 2147483647;
			files = (
			);
			runOnlyForDeploymentPostprocessing = 0;
		};
		CCF000000000000000000003 /* Sources */ = {
			isa = PBXSourcesBuildPhase;
			buildActionMask = 2147483647;
			files = (
			);
			runOnlyForDeploymentPostprocessing = 0;
		};
/* End PBXSourcesBuildPhase section */

/* Begin PBXTargetDependency section */
		CCB04B562EA241B50007DBB1 /* PBXTargetDependency */ = {
			isa = PBXTargetDependency;
			target = CCB04B412EA241B30007DBB1 /* aizen */;
			targetProxy = CCB04B552EA241B50007DBB1 /* PBXContainerItemProxy */;
		};
		CCB04B602EA241B50007DBB1 /* PBXTargetDependency */ = {
			isa = PBXTargetDependency;
			target = CCB04B412EA241B30007DBB1 /* aizen */;
			targetProxy = CCB04B5F2EA241B50007DBB1 /* PBXContainerItemProxy */;
		};
		CCF00000000000000000000E /* PBXTargetDependency */ = {
			isa = PBXTargetDependency;
			target = CCF000000000000000000002 /* aizen-cli */;
			targetProxy = CCF00000000000000000000F /* PBXContainerItemProxy */;
		};
		CCF000000000000000000011 /* PBXTargetDependency */ = {
			isa = PBXTargetDependency;
			target = CCF000000000000000000002 /* aizen-cli */;
			targetProxy = CCF000000000000000000010 /* PBXContainerItemProxy */;
		};
/* End PBXTargetDependency section */

/* Begin XCBuildConfiguration section */
		CC2917D92EFBDAE300440062 /* Debug */ = {
			isa = XCBuildConfiguration;
			buildSettings = {
				ARCHS = "$(ARCHS_STANDARD)";
				ASSETCATALOG_COMPILER_APPICON_NAME = AppIcon;
				ASSETCATALOG_COMPILER_GLOBAL_ACCENT_COLOR_NAME = AccentColor;
				ASSETCATALOG_COMPILER_INCLUDE_ALL_APPICON_ASSETS = YES;
				AUTOMATION_APPLE_EVENTS = NO;
				CODE_SIGN_ENTITLEMENTS = aizen/aizen.entitlements;
				CODE_SIGN_IDENTITY = "Apple Development";
				CODE_SIGN_STYLE = Automatic;
				COMBINE_HIDPI_IMAGES = YES;
				CURRENT_PROJECT_VERSION = 1;
				DEAD_CODE_STRIPPING = YES;
				DEVELOPMENT_TEAM = QW4U57CXJX;
				ENABLE_APP_INTENTS_METADATA = NO;
				ENABLE_APP_SANDBOX = NO;
				ENABLE_HARDENED_RUNTIME = YES;
				ENABLE_OUTGOING_NETWORK_CONNECTIONS = YES;
				ENABLE_PREVIEWS = YES;
				ENABLE_RESOURCE_ACCESS_AUDIO_INPUT = YES;
				ENABLE_RESOURCE_ACCESS_CALENDARS = NO;
				ENABLE_RESOURCE_ACCESS_CAMERA = NO;
				ENABLE_RESOURCE_ACCESS_CONTACTS = NO;
				ENABLE_RESOURCE_ACCESS_LOCATION = NO;
				ENABLE_RESOURCE_ACCESS_PHOTO_LIBRARY = NO;
				ENABLE_USER_SELECTED_FILES = readonly;
				HEADER_SEARCH_PATHS = (
					"$(PROJECT_DIR)/Vendor/libghostty/include",
					"$(PROJECT_DIR)/Vendor/libgit2/include",
				);
				INFOPLIST_FILE = "aizen nightly-Info.plist";
				INFOPLIST_KEY_CFBundleDisplayName = aizen;
				INFOPLIST_KEY_LSApplicationCategoryType = "public.app-category.developer-tools";
				LD_RUNPATH_SEARCH_PATHS = (
					"$(inherited)",
					"@executable_path/../Frameworks",
				);
				LIBRARY_SEARCH_PATHS = (
					"$(PROJECT_DIR)/Vendor/libghostty/lib",
					"$(PROJECT_DIR)/Vendor/libgit2/lib",
				);
				MACOSX_DEPLOYMENT_TARGET = 14.0;
				MARKETING_VERSION = 1.0;
				OTHER_LDFLAGS = (
					"-lc++",
					"-lgit2",
					"-lssh2",
					"-lssl",
					"-lcrypto",
					"-lz",
					"-liconv",
					"-framework",
					Carbon,
					"-framework",
					Security,
					"-framework",
					CoreFoundation,
				);
				OTHER_SWIFT_FLAGS = "-Xcc -fmodule-map-file=$(PROJECT_DIR)/Vendor/libgit2/include/module.modulemap";
				PRODUCT_BUNDLE_IDENTIFIER = win.aizen.app.nightly;
				PRODUCT_NAME = "$(TARGET_NAME)";
				PROVISIONING_PROFILE_SPECIFIER = "";
				REGISTER_APP_GROUPS = YES;
				RUNTIME_EXCEPTION_ALLOW_DYLD_ENVIRONMENT_VARIABLES = NO;
				RUNTIME_EXCEPTION_ALLOW_JIT = NO;
				RUNTIME_EXCEPTION_ALLOW_UNSIGNED_EXECUTABLE_MEMORY = NO;
				RUNTIME_EXCEPTION_DEBUGGING_TOOL = NO;
				RUNTIME_EXCEPTION_DISABLE_EXECUTABLE_PAGE_PROTECTION = NO;
				RUNTIME_EXCEPTION_DISABLE_LIBRARY_VALIDATION = NO;
				STRING_CATALOG_GENERATE_SYMBOLS = YES;
				SWIFT_APPROACHABLE_CONCURRENCY = YES;
				SWIFT_DEFAULT_ACTOR_ISOLATION = MainActor;
				SWIFT_EMIT_LOC_STRINGS = YES;
				SWIFT_INCLUDE_PATHS = "$(PROJECT_DIR)/Vendor/libgit2/include";
				SWIFT_OBJC_BRIDGING_HEADER = "aizen/ghostty-bridging-header.h";
				SWIFT_UPCOMING_FEATURE_MEMBER_IMPORT_VISIBILITY = YES;
				SWIFT_VERSION = 5.0;
			};
			name = Debug;
		};
		CC2917DA2EFBDAE300440062 /* Release */ = {
			isa = XCBuildConfiguration;
			buildSettings = {
				ARCHS = "$(ARCHS_STANDARD)";
				ASSETCATALOG_COMPILER_APPICON_NAME = AppIcon;
				ASSETCATALOG_COMPILER_GLOBAL_ACCENT_COLOR_NAME = AccentColor;
				ASSETCATALOG_COMPILER_INCLUDE_ALL_APPICON_ASSETS = YES;
				AUTOMATION_APPLE_EVENTS = NO;
				CODE_SIGN_ENTITLEMENTS = aizen/aizen.entitlements;
				CODE_SIGN_STYLE = Automatic;
				COMBINE_HIDPI_IMAGES = YES;
				CURRENT_PROJECT_VERSION = 1;
				DEAD_CODE_STRIPPING = YES;
				DEVELOPMENT_TEAM = QW4U57CXJX;
				ENABLE_APP_INTENTS_METADATA = NO;
				ENABLE_APP_SANDBOX = YES;
				ENABLE_HARDENED_RUNTIME = YES;
				ENABLE_OUTGOING_NETWORK_CONNECTIONS = YES;
				ENABLE_PREVIEWS = YES;
				ENABLE_RESOURCE_ACCESS_AUDIO_INPUT = YES;
				ENABLE_RESOURCE_ACCESS_CALENDARS = NO;
				ENABLE_RESOURCE_ACCESS_CAMERA = NO;
				ENABLE_RESOURCE_ACCESS_CONTACTS = NO;
				ENABLE_RESOURCE_ACCESS_LOCATION = NO;
				ENABLE_RESOURCE_ACCESS_PHOTO_LIBRARY = NO;
				ENABLE_USER_SELECTED_FILES = readonly;
				HEADER_SEARCH_PATHS = (
					"$(PROJECT_DIR)/Vendor/libghostty/include",
					"$(PROJECT_DIR)/Vendor/libgit2/include",
				);
				INFOPLIST_FILE = "aizen nightly-Info.plist";
				INFOPLIST_KEY_CFBundleDisplayName = aizen;
				INFOPLIST_KEY_LSApplicationCategoryType = "public.app-category.developer-tools";
				LD_RUNPATH_SEARCH_PATHS = (
					"$(inherited)",
					"@executable_path/../Frameworks",
				);
				LIBRARY_SEARCH_PATHS = (
					"$(PROJECT_DIR)/Vendor/libghostty/lib",
					"$(PROJECT_DIR)/Vendor/libgit2/lib",
				);
				MACOSX_DEPLOYMENT_TARGET = 14.0;
				MARKETING_VERSION = 1.0;
				OTHER_LDFLAGS = (
					"-lc++",
					"-lgit2",
					"-lssh2",
					"-lssl",
					"-lcrypto",
					"-lz",
					"-liconv",
					"-framework",
					Carbon,
					"-framework",
					Security,
					"-framework",
					CoreFoundation,
				);
				OTHER_SWIFT_FLAGS = "-Xcc -fmodule-map-file=$(PROJECT_DIR)/Vendor/libgit2/include/module.modulemap";
				PRODUCT_BUNDLE_IDENTIFIER = win.aizen.app.nightly;
				PRODUCT_NAME = "$(TARGET_NAME)";
				REGISTER_APP_GROUPS = YES;
				RUNTIME_EXCEPTION_ALLOW_DYLD_ENVIRONMENT_VARIABLES = NO;
				RUNTIME_EXCEPTION_ALLOW_JIT = NO;
				RUNTIME_EXCEPTION_ALLOW_UNSIGNED_EXECUTABLE_MEMORY = NO;
				RUNTIME_EXCEPTION_DEBUGGING_TOOL = NO;
				RUNTIME_EXCEPTION_DISABLE_EXECUTABLE_PAGE_PROTECTION = NO;
				RUNTIME_EXCEPTION_DISABLE_LIBRARY_VALIDATION = NO;
				STRING_CATALOG_GENERATE_SYMBOLS = YES;
				SWIFT_APPROACHABLE_CONCURRENCY = YES;
				SWIFT_DEFAULT_ACTOR_ISOLATION = MainActor;
				SWIFT_EMIT_LOC_STRINGS = YES;
				SWIFT_INCLUDE_PATHS = "$(PROJECT_DIR)/Vendor/libgit2/include";
				SWIFT_OBJC_BRIDGING_HEADER = "aizen/ghostty-bridging-header.h";
				SWIFT_UPCOMING_FEATURE_MEMBER_IMPORT_VISIBILITY = YES;
				SWIFT_VERSION = 5.0;
			};
			name = Release;
		};
		CCB04B662EA241B50007DBB1 /* Debug */ = {
			isa = XCBuildConfiguration;
			buildSettings = {
				ALWAYS_SEARCH_USER_PATHS = NO;
				ASSETCATALOG_COMPILER_GENERATE_SWIFT_ASSET_SYMBOL_EXTENSIONS = YES;
				CLANG_ANALYZER_NONNULL = YES;
				CLANG_ANALYZER_NUMBER_OBJECT_CONVERSION = YES_AGGRESSIVE;
				CLANG_CXX_LANGUAGE_STANDARD = "gnu++20";
				CLANG_ENABLE_MODULES = YES;
				CLANG_ENABLE_OBJC_ARC = YES;
				CLANG_ENABLE_OBJC_WEAK = YES;
				CLANG_WARN_BLOCK_CAPTURE_AUTORELEASING = YES;
				CLANG_WARN_BOOL_CONVERSION = YES;
				CLANG_WARN_COMMA = YES;
				CLANG_WARN_CONSTANT_CONVERSION = YES;
				CLANG_WARN_DEPRECATED_OBJC_IMPLEMENTATIONS = YES;
				CLANG_WARN_DIRECT_OBJC_ISA_USAGE = YES_ERROR;
				CLANG_WARN_DOCUMENTATION_COMMENTS = YES;
				CLANG_WARN_EMPTY_BODY = YES;
				CLANG_WARN_ENUM_CONVERSION = YES;
				CLANG_WARN_INFINITE_RECURSION = YES;
				CLANG_WARN_INT_CONVERSION = YES;
				CLANG_WARN_NON_LITERAL_NULL_CONVERSION = YES;
				CLANG_WARN_OBJC_IMPLICIT_RETAIN_SELF = YES;
				CLANG_WARN_OBJC_LITERAL_CONVERSION = YES;
				CLANG_WARN_OBJC_ROOT_CLASS = YES_ERROR;
				CLANG_WARN_QUOTED_INCLUDE_IN_FRAMEWORK_HEADER = YES;
				CLANG_WARN_RANGE_LOOP_ANALYSIS = YES;
				CLANG_WARN_STRICT_PROTOTYPES = YES;
				CLANG_WARN_SUSPICIOUS_MOVE = YES;
				CLANG_WARN_UNGUARDED_AVAILABILITY = YES_AGGRESSIVE;
				CLANG_WARN_UNREACHABLE_CODE = YES;
				CLANG_WARN__DUPLICATE_METHOD_MATCH = YES;
				COPY_PHASE_STRIP = NO;
				DEAD_CODE_STRIPPING = YES;
				DEBUG_INFORMATION_FORMAT = dwarf;
				DEVELOPMENT_TEAM = B4VFVW93QD;
				ENABLE_STRICT_OBJC_MSGSEND = YES;
				ENABLE_TESTABILITY = YES;
				ENABLE_USER_SCRIPT_SANDBOXING = NO;
				GCC_C_LANGUAGE_STANDARD = gnu17;
				GCC_DYNAMIC_NO_PIC = NO;
				GCC_NO_COMMON_BLOCKS = YES;
				GCC_OPTIMIZATION_LEVEL = 0;
				GCC_PREPROCESSOR_DEFINITIONS = (
					"DEBUG=1",
					"$(inherited)",
				);
				GCC_WARN_64_TO_32_BIT_CONVERSION = YES;
				GCC_WARN_ABOUT_RETURN_TYPE = YES_ERROR;
				GCC_WARN_UNDECLARED_SELECTOR = YES;
				GCC_WARN_UNINITIALIZED_AUTOS = YES_AGGRESSIVE;
				GCC_WARN_UNUSED_FUNCTION = YES;
				GCC_WARN_UNUSED_VARIABLE = YES;
				LOCALIZATION_PREFERS_STRING_CATALOGS = YES;
				MACOSX_DEPLOYMENT_TARGET = 14.0;
				MTL_ENABLE_DEBUG_INFO = INCLUDE_SOURCE;
				MTL_FAST_MATH = YES;
				ONLY_ACTIVE_ARCH = YES;
				SDKROOT = macosx;
				STRING_CATALOG_GENERATE_SYMBOLS = YES;
				SWIFT_ACTIVE_COMPILATION_CONDITIONS = "DEBUG $(inherited)";
				SWIFT_OPTIMIZATION_LEVEL = "-Onone";
			};
			name = Debug;
		};
		CCB04B672EA241B50007DBB1 /* Release */ = {
			isa = XCBuildConfiguration;
			buildSettings = {
				ALWAYS_SEARCH_USER_PATHS = NO;
				ASSETCATALOG_COMPILER_GENERATE_SWIFT_ASSET_SYMBOL_EXTENSIONS = YES;
				CLANG_ANALYZER_NONNULL = YES;
				CLANG_ANALYZER_NUMBER_OBJECT_CONVERSION = YES_AGGRESSIVE;
				CLANG_CXX_LANGUAGE_STANDARD = "gnu++20";
				CLANG_ENABLE_MODULES = YES;
				CLANG_ENABLE_OBJC_ARC = YES;
				CLANG_ENABLE_OBJC_WEAK = YES;
				CLANG_WARN_BLOCK_CAPTURE_AUTORELEASING = YES;
				CLANG_WARN_BOOL_CONVERSION = YES;
				CLANG_WARN_COMMA = YES;
				CLANG_WARN_CONSTANT_CONVERSION = YES;
				CLANG_WARN_DEPRECATED_OBJC_IMPLEMENTATIONS = YES;
				CLANG_WARN_DIRECT_OBJC_ISA_USAGE = YES_ERROR;
				CLANG_WARN_DOCUMENTATION_COMMENTS = YES;
				CLANG_WARN_EMPTY_BODY = YES;
				CLANG_WARN_ENUM_CONVERSION = YES;
				CLANG_WARN_INFINITE_RECURSION = YES;
				CLANG_WARN_INT_CONVERSION = YES;
				CLANG_WARN_NON_LITERAL_NULL_CONVERSION = YES;
				CLANG_WARN_OBJC_IMPLICIT_RETAIN_SELF = YES;
				CLANG_WARN_OBJC_LITERAL_CONVERSION = YES;
				CLANG_WARN_OBJC_ROOT_CLASS = YES_ERROR;
				CLANG_WARN_QUOTED_INCLUDE_IN_FRAMEWORK_HEADER = YES;
				CLANG_WARN_RANGE_LOOP_ANALYSIS = YES;
				CLANG_WARN_STRICT_PROTOTYPES = YES;
				CLANG_WARN_SUSPICIOUS_MOVE = YES;
				CLANG_WARN_UNGUARDED_AVAILABILITY = YES_AGGRESSIVE;
				CLANG_WARN_UNREACHABLE_CODE = YES;
				CLANG_WARN__DUPLICATE_METHOD_MATCH = YES;
				COPY_PHASE_STRIP = NO;
				DEAD_CODE_STRIPPING = YES;
				DEBUG_INFORMATION_FORMAT = "dwarf-with-dsym";
				DEVELOPMENT_TEAM = B4VFVW93QD;
				ENABLE_NS_ASSERTIONS = NO;
				ENABLE_STRICT_OBJC_MSGSEND = YES;
				ENABLE_USER_SCRIPT_SANDBOXING = NO;
				GCC_C_LANGUAGE_STANDARD = gnu17;
				GCC_NO_COMMON_BLOCKS = YES;
				GCC_WARN_64_TO_32_BIT_CONVERSION = YES;
				GCC_WARN_ABOUT_RETURN_TYPE = YES_ERROR;
				GCC_WARN_UNDECLARED_SELECTOR = YES;
				GCC_WARN_UNINITIALIZED_AUTOS = YES_AGGRESSIVE;
				GCC_WARN_UNUSED_FUNCTION = YES;
				GCC_WARN_UNUSED_VARIABLE = YES;
				LOCALIZATION_PREFERS_STRING_CATALOGS = YES;
				MACOSX_DEPLOYMENT_TARGET = 14.0;
				MTL_ENABLE_DEBUG_INFO = NO;
				MTL_FAST_MATH = YES;
				SDKROOT = macosx;
				STRING_CATALOG_GENERATE_SYMBOLS = YES;
				SWIFT_COMPILATION_MODE = wholemodule;
			};
			name = Release;
		};
		CCB04B692EA241B50007DBB1 /* Debug */ = {
			isa = XCBuildConfiguration;
			buildSettings = {
				ARCHS = "$(ARCHS_STANDARD)";
				ASSETCATALOG_COMPILER_APPICON_NAME = AppIcon;
				ASSETCATALOG_COMPILER_GLOBAL_ACCENT_COLOR_NAME = AccentColor;
				ASSETCATALOG_COMPILER_INCLUDE_ALL_APPICON_ASSETS = YES;
				AUTOMATION_APPLE_EVENTS = NO;
				CODE_SIGN_ENTITLEMENTS = aizen/aizen.entitlements;
				CODE_SIGN_IDENTITY = "Apple Development";
				CODE_SIGN_STYLE = Automatic;
				COMBINE_HIDPI_IMAGES = YES;
				CURRENT_PROJECT_VERSION = 1;
				DEAD_CODE_STRIPPING = YES;
				DEVELOPMENT_TEAM = QW4U57CXJX;
				ENABLE_APP_SANDBOX = NO;
				ENABLE_HARDENED_RUNTIME = YES;
				ENABLE_OUTGOING_NETWORK_CONNECTIONS = YES;
				ENABLE_PREVIEWS = YES;
				ENABLE_RESOURCE_ACCESS_AUDIO_INPUT = YES;
				ENABLE_RESOURCE_ACCESS_CALENDARS = NO;
				ENABLE_RESOURCE_ACCESS_CAMERA = NO;
				ENABLE_RESOURCE_ACCESS_CONTACTS = NO;
				ENABLE_RESOURCE_ACCESS_LOCATION = NO;
				ENABLE_RESOURCE_ACCESS_PHOTO_LIBRARY = NO;
				ENABLE_USER_SELECTED_FILES = readonly;
				HEADER_SEARCH_PATHS = (
					"$(PROJECT_DIR)/Vendor/libghostty/include",
					"$(PROJECT_DIR)/Vendor/libgit2/include",
				);
				INFOPLIST_FILE = aizen/Info.plist;
				INFOPLIST_KEY_CFBundleDisplayName = aizen;
				INFOPLIST_KEY_LSApplicationCategoryType = "public.app-category.developer-tools";
				LD_RUNPATH_SEARCH_PATHS = (
					"$(inherited)",
					"@executable_path/../Frameworks",
				);
				LIBRARY_SEARCH_PATHS = (
					"$(PROJECT_DIR)/Vendor/libghostty/lib",
					"$(PROJECT_DIR)/Vendor/libgit2/lib",
				);
				MACOSX_DEPLOYMENT_TARGET = 14.0;
				MARKETING_VERSION = 1.0;
				OTHER_LDFLAGS = (
					"-lc++",
					"-lgit2",
					"-lssh2",
					"-lssl",
					"-lcrypto",
					"-lz",
					"-liconv",
					"-framework",
					Carbon,
					"-framework",
					Security,
					"-framework",
					CoreFoundation,
				);
				OTHER_SWIFT_FLAGS = "-Xcc -fmodule-map-file=$(PROJECT_DIR)/Vendor/libgit2/include/module.modulemap";
				PRODUCT_BUNDLE_IDENTIFIER = win.aizen.app;
				PRODUCT_NAME = "$(TARGET_NAME)";
				PROVISIONING_PROFILE_SPECIFIER = "";
				REGISTER_APP_GROUPS = YES;
				RUNTIME_EXCEPTION_ALLOW_DYLD_ENVIRONMENT_VARIABLES = NO;
				RUNTIME_EXCEPTION_ALLOW_JIT = NO;
				RUNTIME_EXCEPTION_ALLOW_UNSIGNED_EXECUTABLE_MEMORY = NO;
				RUNTIME_EXCEPTION_DEBUGGING_TOOL = NO;
				RUNTIME_EXCEPTION_DISABLE_EXECUTABLE_PAGE_PROTECTION = NO;
				RUNTIME_EXCEPTION_DISABLE_LIBRARY_VALIDATION = NO;
				STRING_CATALOG_GENERATE_SYMBOLS = YES;
				SWIFT_APPROACHABLE_CONCURRENCY = YES;
				SWIFT_DEFAULT_ACTOR_ISOLATION = MainActor;
				SWIFT_EMIT_LOC_STRINGS = YES;
				SWIFT_INCLUDE_PATHS = "$(PROJECT_DIR)/Vendor/libgit2/include";
				SWIFT_OBJC_BRIDGING_HEADER = "aizen/ghostty-bridging-header.h";
				SWIFT_UPCOMING_FEATURE_MEMBER_IMPORT_VISIBILITY = YES;
				SWIFT_VERSION = 5.0;
			};
			name = Debug;
		};
		CCB04B6A2EA241B50007DBB1 /* Release */ = {
			isa = XCBuildConfiguration;
			buildSettings = {
				ARCHS = "$(ARCHS_STANDARD)";
				ASSETCATALOG_COMPILER_APPICON_NAME = AppIcon;
				ASSETCATALOG_COMPILER_GLOBAL_ACCENT_COLOR_NAME = AccentColor;
				ASSETCATALOG_COMPILER_INCLUDE_ALL_APPICON_ASSETS = YES;
				AUTOMATION_APPLE_EVENTS = NO;
				CODE_SIGN_ENTITLEMENTS = aizen/aizen.entitlements;
				CODE_SIGN_STYLE = Automatic;
				COMBINE_HIDPI_IMAGES = YES;
				CURRENT_PROJECT_VERSION = 1;
				DEAD_CODE_STRIPPING = YES;
				DEVELOPMENT_TEAM = QW4U57CXJX;
				ENABLE_APP_SANDBOX = YES;
				ENABLE_HARDENED_RUNTIME = YES;
				ENABLE_OUTGOING_NETWORK_CONNECTIONS = YES;
				ENABLE_PREVIEWS = YES;
				ENABLE_RESOURCE_ACCESS_AUDIO_INPUT = YES;
				ENABLE_RESOURCE_ACCESS_CALENDARS = NO;
				ENABLE_RESOURCE_ACCESS_CAMERA = NO;
				ENABLE_RESOURCE_ACCESS_CONTACTS = NO;
				ENABLE_RESOURCE_ACCESS_LOCATION = NO;
				ENABLE_RESOURCE_ACCESS_PHOTO_LIBRARY = NO;
				ENABLE_USER_SELECTED_FILES = readonly;
				HEADER_SEARCH_PATHS = (
					"$(PROJECT_DIR)/Vendor/libghostty/include",
					"$(PROJECT_DIR)/Vendor/libgit2/include",
				);
				INFOPLIST_FILE = aizen/Info.plist;
				INFOPLIST_KEY_CFBundleDisplayName = aizen;
				INFOPLIST_KEY_LSApplicationCategoryType = "public.app-category.developer-tools";
				LD_RUNPATH_SEARCH_PATHS = (
					"$(inherited)",
					"@executable_path/../Frameworks",
				);
				LIBRARY_SEARCH_PATHS = (
					"$(PROJECT_DIR)/Vendor/libghostty/lib",
					"$(PROJECT_DIR)/Vendor/libgit2/lib",
				);
				MACOSX_DEPLOYMENT_TARGET = 14.0;
				MARKETING_VERSION = 1.0;
				OTHER_LDFLAGS = (
					"-lc++",
					"-lgit2",
					"-lssh2",
					"-lssl",
					"-lcrypto",
					"-lz",
					"-liconv",
					"-framework",
					Carbon,
					"-framework",
					Security,
					"-framework",
					CoreFoundation,
				);
				OTHER_SWIFT_FLAGS = "-Xcc -fmodule-map-file=$(PROJECT_DIR)/Vendor/libgit2/include/module.modulemap";
				PRODUCT_BUNDLE_IDENTIFIER = win.aizen.app;
				PRODUCT_NAME = "$(TARGET_NAME)";
				REGISTER_APP_GROUPS = YES;
				RUNTIME_EXCEPTION_ALLOW_DYLD_ENVIRONMENT_VARIABLES = NO;
				RUNTIME_EXCEPTION_ALLOW_JIT = NO;
				RUNTIME_EXCEPTION_ALLOW_UNSIGNED_EXECUTABLE_MEMORY = NO;
				RUNTIME_EXCEPTION_DEBUGGING_TOOL = NO;
				RUNTIME_EXCEPTION_DISABLE_EXECUTABLE_PAGE_PROTECTION = NO;
				RUNTIME_EXCEPTION_DISABLE_LIBRARY_VALIDATION = NO;
				STRING_CATALOG_GENERATE_SYMBOLS = YES;
				SWIFT_APPROACHABLE_CONCURRENCY = YES;
				SWIFT_DEFAULT_ACTOR_ISOLATION = MainActor;
				SWIFT_EMIT_LOC_STRINGS = YES;
				SWIFT_INCLUDE_PATHS = "$(PROJECT_DIR)/Vendor/libgit2/include";
				SWIFT_OBJC_BRIDGING_HEADER = "aizen/ghostty-bridging-header.h";
				SWIFT_UPCOMING_FEATURE_MEMBER_IMPORT_VISIBILITY = YES;
				SWIFT_VERSION = 5.0;
			};
			name = Release;
		};
		CCB04B6C2EA241B50007DBB1 /* Debug */ = {
			isa = XCBuildConfiguration;
			buildSettings = {
				BUNDLE_LOADER = "$(TEST_HOST)";
				CODE_SIGN_STYLE = Automatic;
				CURRENT_PROJECT_VERSION = 1;
				DEAD_CODE_STRIPPING = YES;
				DEVELOPMENT_TEAM = B4VFVW93QD;
				GENERATE_INFOPLIST_FILE = YES;
				MACOSX_DEPLOYMENT_TARGET = 15.0;
				MARKETING_VERSION = 1.0;
				PRODUCT_BUNDLE_IDENTIFIER = win.aizen.app.aizenTests;
				PRODUCT_NAME = "$(TARGET_NAME)";
				STRING_CATALOG_GENERATE_SYMBOLS = NO;
				SWIFT_APPROACHABLE_CONCURRENCY = YES;
				SWIFT_EMIT_LOC_STRINGS = NO;
				SWIFT_UPCOMING_FEATURE_MEMBER_IMPORT_VISIBILITY = YES;
				SWIFT_VERSION = 5.0;
				TEST_HOST = "$(BUILT_PRODUCTS_DIR)/aizen.app/$(BUNDLE_EXECUTABLE_FOLDER_PATH)/aizen";
			};
			name = Debug;
		};
		CCB04B6D2EA241B50007DBB1 /* Release */ = {
			isa = XCBuildConfiguration;
			buildSettings = {
				BUNDLE_LOADER = "$(TEST_HOST)";
				CODE_SIGN_STYLE = Automatic;
				CURRENT_PROJECT_VERSION = 1;
				DEAD_CODE_STRIPPING = YES;
				DEVELOPMENT_TEAM = B4VFVW93QD;
				GENERATE_INFOPLIST_FILE = YES;
				MACOSX_DEPLOYMENT_TARGET = 15.0;
				MARKETING_VERSION = 1.0;
				PRODUCT_BUNDLE_IDENTIFIER = win.aizen.app.aizenTests;
				PRODUCT_NAME = "$(TARGET_NAME)";
				STRING_CATALOG_GENERATE_SYMBOLS = NO;
				SWIFT_APPROACHABLE_CONCURRENCY = YES;
				SWIFT_EMIT_LOC_STRINGS = NO;
				SWIFT_UPCOMING_FEATURE_MEMBER_IMPORT_VISIBILITY = YES;
				SWIFT_VERSION = 5.0;
				TEST_HOST = "$(BUILT_PRODUCTS_DIR)/aizen.app/$(BUNDLE_EXECUTABLE_FOLDER_PATH)/aizen";
			};
			name = Release;
		};
		CCB04B6F2EA241B50007DBB1 /* Debug */ = {
			isa = XCBuildConfiguration;
			buildSettings = {
				CODE_SIGN_STYLE = Automatic;
				CURRENT_PROJECT_VERSION = 1;
				DEAD_CODE_STRIPPING = YES;
				DEVELOPMENT_TEAM = B4VFVW93QD;
				GENERATE_INFOPLIST_FILE = YES;
				MARKETING_VERSION = 1.0;
				PRODUCT_BUNDLE_IDENTIFIER = win.aizen.app.aizenUITests;
				PRODUCT_NAME = "$(TARGET_NAME)";
				STRING_CATALOG_GENERATE_SYMBOLS = NO;
				SWIFT_APPROACHABLE_CONCURRENCY = YES;
				SWIFT_EMIT_LOC_STRINGS = NO;
				SWIFT_UPCOMING_FEATURE_MEMBER_IMPORT_VISIBILITY = YES;
				SWIFT_VERSION = 5.0;
				TEST_TARGET_NAME = aizen;
			};
			name = Debug;
		};
		CCB04B702EA241B50007DBB1 /* Release */ = {
			isa = XCBuildConfiguration;
			buildSettings = {
				CODE_SIGN_STYLE = Automatic;
				CURRENT_PROJECT_VERSION = 1;
				DEAD_CODE_STRIPPING = YES;
				DEVELOPMENT_TEAM = B4VFVW93QD;
				GENERATE_INFOPLIST_FILE = YES;
				MARKETING_VERSION = 1.0;
				PRODUCT_BUNDLE_IDENTIFIER = win.aizen.app.aizenUITests;
				PRODUCT_NAME = "$(TARGET_NAME)";
				STRING_CATALOG_GENERATE_SYMBOLS = NO;
				SWIFT_APPROACHABLE_CONCURRENCY = YES;
				SWIFT_EMIT_LOC_STRINGS = NO;
				SWIFT_UPCOMING_FEATURE_MEMBER_IMPORT_VISIBILITY = YES;
				SWIFT_VERSION = 5.0;
				TEST_TARGET_NAME = aizen;
			};
			name = Release;
		};
		CCF000000000000000000008 /* Debug */ = {
			isa = XCBuildConfiguration;
			buildSettings = {
				ARCHS = "$(ARCHS_STANDARD)";
				DEAD_CODE_STRIPPING = YES;
				HEADER_SEARCH_PATHS = "$(PROJECT_DIR)/Vendor/libgit2/include";
				LIBRARY_SEARCH_PATHS = "$(PROJECT_DIR)/Vendor/libgit2/lib";
				MACOSX_DEPLOYMENT_TARGET = 13.5;
				OTHER_LDFLAGS = (
					"-lc++",
					"-lgit2",
					"-lssh2",
					"-lssl",
					"-lcrypto",
					"-lz",
					"-liconv",
					"-framework",
					Security,
					"-framework",
					CoreFoundation,
					"-framework",
					CoreData,
				);
				OTHER_SWIFT_FLAGS = "-Xcc -fmodule-map-file=$(PROJECT_DIR)/Vendor/libgit2/include/module.modulemap";
				PRODUCT_BUNDLE_IDENTIFIER = win.aizen.app.cli;
				PRODUCT_NAME = "aizen-cli";
				SWIFT_ACTIVE_COMPILATION_CONDITIONS = "DEBUG $(inherited)";
				SWIFT_INCLUDE_PATHS = "$(PROJECT_DIR)/Vendor/libgit2/include";
				SWIFT_OPTIMIZATION_LEVEL = "-Onone";
				SWIFT_VERSION = 5.0;
			};
			name = Debug;
		};
		CCF000000000000000000009 /* Release */ = {
			isa = XCBuildConfiguration;
			buildSettings = {
				ARCHS = "$(ARCHS_STANDARD)";
				DEAD_CODE_STRIPPING = YES;
				HEADER_SEARCH_PATHS = "$(PROJECT_DIR)/Vendor/libgit2/include";
				LIBRARY_SEARCH_PATHS = "$(PROJECT_DIR)/Vendor/libgit2/lib";
				MACOSX_DEPLOYMENT_TARGET = 13.5;
				OTHER_LDFLAGS = (
					"-lc++",
					"-lgit2",
					"-lssh2",
					"-lssl",
					"-lcrypto",
					"-lz",
					"-liconv",
					"-framework",
					Security,
					"-framework",
					CoreFoundation,
					"-framework",
					CoreData,
				);
				OTHER_SWIFT_FLAGS = "-Xcc -fmodule-map-file=$(PROJECT_DIR)/Vendor/libgit2/include/module.modulemap";
				PRODUCT_BUNDLE_IDENTIFIER = win.aizen.app.cli;
				PRODUCT_NAME = "aizen-cli";
				SWIFT_INCLUDE_PATHS = "$(PROJECT_DIR)/Vendor/libgit2/include";
				SWIFT_OPTIMIZATION_LEVEL = "-O";
				SWIFT_VERSION = 5.0;
			};
			name = Release;
		};
/* End XCBuildConfiguration section */

/* Begin XCConfigurationList section */
		CC2917D82EFBDAE300440062 /* Build configuration list for PBXNativeTarget "aizen nightly" */ = {
			isa = XCConfigurationList;
			buildConfigurations = (
				CC2917D92EFBDAE300440062 /* Debug */,
				CC2917DA2EFBDAE300440062 /* Release */,
			);
			defaultConfigurationIsVisible = 0;
			defaultConfigurationName = Release;
		};
		CCB04B3D2EA241B30007DBB1 /* Build configuration list for PBXProject "aizen" */ = {
			isa = XCConfigurationList;
			buildConfigurations = (
				CCB04B662EA241B50007DBB1 /* Debug */,
				CCB04B672EA241B50007DBB1 /* Release */,
			);
			defaultConfigurationIsVisible = 0;
			defaultConfigurationName = Release;
		};
		CCB04B682EA241B50007DBB1 /* Build configuration list for PBXNativeTarget "aizen" */ = {
			isa = XCConfigurationList;
			buildConfigurations = (
				CCB04B692EA241B50007DBB1 /* Debug */,
				CCB04B6A2EA241B50007DBB1 /* Release */,
			);
			defaultConfigurationIsVisible = 0;
			defaultConfigurationName = Release;
		};
		CCB04B6B2EA241B50007DBB1 /* Build configuration list for PBXNativeTarget "aizenTests" */ = {
			isa = XCConfigurationList;
			buildConfigurations = (
				CCB04B6C2EA241B50007DBB1 /* Debug */,
				CCB04B6D2EA241B50007DBB1 /* Release */,
			);
			defaultConfigurationIsVisible = 0;
			defaultConfigurationName = Release;
		};
		CCB04B6E2EA241B50007DBB1 /* Build configuration list for PBXNativeTarget "aizenUITests" */ = {
			isa = XCConfigurationList;
			buildConfigurations = (
				CCB04B6F2EA241B50007DBB1 /* Debug */,
				CCB04B702EA241B50007DBB1 /* Release */,
			);
			defaultConfigurationIsVisible = 0;
			defaultConfigurationName = Release;
		};
		CCF000000000000000000007 /* Build configuration list for PBXNativeTarget "aizen-cli" */ = {
			isa = XCConfigurationList;
			buildConfigurations = (
				CCF000000000000000000008 /* Debug */,
				CCF000000000000000000009 /* Release */,
			);
			defaultConfigurationIsVisible = 0;
			defaultConfigurationName = Release;
		};
/* End XCConfigurationList section */

/* Begin XCLocalSwiftPackageReference section */
		CCA569FD2ECB12A600955D13 /* XCLocalSwiftPackageReference "Packages/CodeEditSourceEditor" */ = {
			isa = XCLocalSwiftPackageReference;
			relativePath = Packages/CodeEditSourceEditor;
		};
		CCA56A002ECB131C00955D13 /* XCLocalSwiftPackageReference "Packages/CodeEditTextView" */ = {
			isa = XCLocalSwiftPackageReference;
			relativePath = Packages/CodeEditTextView;
		};
		CCA56A032ECB132E00955D13 /* XCLocalSwiftPackageReference "Packages/CodeEditSymbols" */ = {
			isa = XCLocalSwiftPackageReference;
			relativePath = Packages/CodeEditSymbols;
		};
/* End XCLocalSwiftPackageReference section */

/* Begin XCRemoteSwiftPackageReference section */
		79EC426B0DCDB46C628589C2 /* XCRemoteSwiftPackageReference "mlx-swift" */ = {
			isa = XCRemoteSwiftPackageReference;
			repositoryURL = "https://github.com/ml-explore/mlx-swift";
			requirement = {
				branch = main;
				kind = branch;
			};
		};
		CC128B192EAF8DD600EA9A50 /* XCRemoteSwiftPackageReference "Sparkle" */ = {
			isa = XCRemoteSwiftPackageReference;
			repositoryURL = "https://github.com/sparkle-project/Sparkle";
			requirement = {
				kind = upToNextMajorVersion;
				minimumVersion = 2.0.0;
			};
		};
		CC2917B62EFBDAE300440062 /* XCRemoteSwiftPackageReference "swift-markdown" */ = {
			isa = XCRemoteSwiftPackageReference;
			repositoryURL = "https://github.com/apple/swift-markdown";
			requirement = {
				branch = main;
				kind = branch;
			};
		};
		CC2917B82EFBDAE300440062 /* XCRemoteSwiftPackageReference "Sparkle" */ = {
			isa = XCRemoteSwiftPackageReference;
			repositoryURL = "https://github.com/sparkle-project/Sparkle";
			requirement = {
				kind = upToNextMajorVersion;
				minimumVersion = 2.0.0;
			};
		};
		CC2917BA2EFBDAE300440062 /* XCRemoteSwiftPackageReference "SwiftTreeSitter" */ = {
			isa = XCRemoteSwiftPackageReference;
			repositoryURL = "https://github.com/ChimeHQ/SwiftTreeSitter";
			requirement = {
				kind = upToNextMajorVersion;
				minimumVersion = 0.8.0;
			};
		};
		CC2917C52EFBDAE300440062 /* XCRemoteSwiftPackageReference "CodeEditLanguages" */ = {
			isa = XCRemoteSwiftPackageReference;
			repositoryURL = "https://github.com/CodeEditApp/CodeEditLanguages.git";
			requirement = {
				kind = upToNextMajorVersion;
				minimumVersion = 0.1.21;
			};
		};
		CCA56A0E2ECB203200955D13 /* XCRemoteSwiftPackageReference "CodeEditLanguages" */ = {
			isa = XCRemoteSwiftPackageReference;
			repositoryURL = "https://github.com/CodeEditApp/CodeEditLanguages.git";
			requirement = {
				kind = upToNextMajorVersion;
				minimumVersion = 0.1.21;
			};
		};
		CCB04B742EA241B60007DBB1 /* XCRemoteSwiftPackageReference "swift-markdown" */ = {
			isa = XCRemoteSwiftPackageReference;
			repositoryURL = "https://github.com/apple/swift-markdown";
			requirement = {
				branch = main;
				kind = branch;
			};
		};
		CCFE00032EBF000000000003 /* XCRemoteSwiftPackageReference "SwiftTreeSitter" */ = {
			isa = XCRemoteSwiftPackageReference;
			repositoryURL = "https://github.com/ChimeHQ/SwiftTreeSitter";
			requirement = {
				kind = upToNextMajorVersion;
				minimumVersion = 0.8.0;
			};
		};
/* End XCRemoteSwiftPackageReference section */

/* Begin XCSwiftPackageProductDependency section */
		2CE06D116E3316BF792222D8 /* MLXFFT */ = {
			isa = XCSwiftPackageProductDependency;
			package = 79EC426B0DCDB46C628589C2 /* XCRemoteSwiftPackageReference "mlx-swift" */;
			productName = MLXFFT;
		};
		8A569477FDE9E6427210C021 /* MLXNN */ = {
			isa = XCSwiftPackageProductDependency;
			package = 79EC426B0DCDB46C628589C2 /* XCRemoteSwiftPackageReference "mlx-swift" */;
			productName = MLXNN;
		};
		CC128B1A2EAF8DD600EA9A50 /* Sparkle */ = {
			isa = XCSwiftPackageProductDependency;
			package = CC128B192EAF8DD600EA9A50 /* XCRemoteSwiftPackageReference "Sparkle" */;
			productName = Sparkle;
		};
		CC2917B52EFBDAE300440062 /* Markdown */ = {
			isa = XCSwiftPackageProductDependency;
			package = CC2917B62EFBDAE300440062 /* XCRemoteSwiftPackageReference "swift-markdown" */;
			productName = Markdown;
		};
		CC2917B72EFBDAE300440062 /* Sparkle */ = {
			isa = XCSwiftPackageProductDependency;
			package = CC2917B82EFBDAE300440062 /* XCRemoteSwiftPackageReference "Sparkle" */;
			productName = Sparkle;
		};
		CC2917B92EFBDAE300440062 /* SwiftTreeSitter */ = {
			isa = XCSwiftPackageProductDependency;
			package = CC2917BA2EFBDAE300440062 /* XCRemoteSwiftPackageReference "SwiftTreeSitter" */;
			productName = SwiftTreeSitter;
		};
		CC2917BB2EFBDAE300440062 /* CodeEditTextView */ = {
			isa = XCSwiftPackageProductDependency;
			productName = CodeEditTextView;
		};
		CC2917BC2EFBDAE300440062 /* CodeEditSourceEditor */ = {
			isa = XCSwiftPackageProductDependency;
			productName = CodeEditSourceEditor;
		};
		CC2917BD2EFBDAE300440062 /* CodeEditSourceEditor */ = {
			isa = XCSwiftPackageProductDependency;
			productName = CodeEditSourceEditor;
		};
		CC2917BE2EFBDAE300440062 /* CodeEditTextView */ = {
			isa = XCSwiftPackageProductDependency;
			productName = CodeEditTextView;
		};
		CC2917BF2EFBDAE300440062 /* CodeEditSymbols */ = {
			isa = XCSwiftPackageProductDependency;
			productName = CodeEditSymbols;
		};
		CC2917C02EFBDAE300440062 /* CodeEditSymbols */ = {
			isa = XCSwiftPackageProductDependency;
			productName = CodeEditSymbols;
		};
		CC2917C12EFBDAE300440062 /* CodeEditTextView */ = {
			isa = XCSwiftPackageProductDependency;
			productName = CodeEditTextView;
		};
		CC2917C22EFBDAE300440062 /* CodeEditSourceEditor */ = {
			isa = XCSwiftPackageProductDependency;
			productName = CodeEditSourceEditor;
		};
		CC2917C32EFBDAE300440062 /* CodeEditSourceEditor */ = {
			isa = XCSwiftPackageProductDependency;
			productName = CodeEditSourceEditor;
		};
		CC2917C42EFBDAE300440062 /* CodeEditLanguages */ = {
			isa = XCSwiftPackageProductDependency;
			package = CC2917C52EFBDAE300440062 /* XCRemoteSwiftPackageReference "CodeEditLanguages" */;
			productName = CodeEditLanguages;
		};
		CCA569F02ECB04E100955D13 /* CodeEditTextView */ = {
			isa = XCSwiftPackageProductDependency;
			productName = CodeEditTextView;
		};
		CCA569F32ECB04F500955D13 /* CodeEditSourceEditor */ = {
			isa = XCSwiftPackageProductDependency;
			productName = CodeEditSourceEditor;
		};
		CCA569FE2ECB12A600955D13 /* CodeEditSourceEditor */ = {
			isa = XCSwiftPackageProductDependency;
			productName = CodeEditSourceEditor;
		};
		CCA56A012ECB131C00955D13 /* CodeEditTextView */ = {
			isa = XCSwiftPackageProductDependency;
			productName = CodeEditTextView;
		};
		CCA56A042ECB132E00955D13 /* CodeEditSymbols */ = {
			isa = XCSwiftPackageProductDependency;
			productName = CodeEditSymbols;
		};
		CCA56A062ECB1E8D00955D13 /* CodeEditSymbols */ = {
			isa = XCSwiftPackageProductDependency;
			productName = CodeEditSymbols;
		};
		CCA56A082ECB1E9D00955D13 /* CodeEditTextView */ = {
			isa = XCSwiftPackageProductDependency;
			productName = CodeEditTextView;
		};
		CCA56A0A2ECB1EAF00955D13 /* CodeEditSourceEditor */ = {
			isa = XCSwiftPackageProductDependency;
			productName = CodeEditSourceEditor;
		};
		CCA56A0C2ECB1F2800955D13 /* CodeEditSourceEditor */ = {
			isa = XCSwiftPackageProductDependency;
			productName = CodeEditSourceEditor;
		};
		CCA56A0F2ECB203200955D13 /* CodeEditLanguages */ = {
			isa = XCSwiftPackageProductDependency;
			package = CCA56A0E2ECB203200955D13 /* XCRemoteSwiftPackageReference "CodeEditLanguages" */;
			productName = CodeEditLanguages;
		};
		CCB04B732EA241B60007DBB1 /* Markdown */ = {
			isa = XCSwiftPackageProductDependency;
			package = CCB04B742EA241B60007DBB1 /* XCRemoteSwiftPackageReference "swift-markdown" */;
			productName = Markdown;
		};
		CCFE00062EBF000000000006 /* SwiftTreeSitter */ = {
			isa = XCSwiftPackageProductDependency;
			package = CCFE00032EBF000000000003 /* XCRemoteSwiftPackageReference "SwiftTreeSitter" */;
			productName = SwiftTreeSitter;
		};
		F9A93A2E8948A4831C8E4835 /* MLX */ = {
			isa = XCSwiftPackageProductDependency;
			package = 79EC426B0DCDB46C628589C2 /* XCRemoteSwiftPackageReference "mlx-swift" */;
			productName = MLX;
		};
/* End XCSwiftPackageProductDependency section */
	};
	rootObject = CCB04B3A2EA241B30007DBB1 /* Project object */;
}
